# THIS IS AN AUTOGENERATED FILE. DO NOT EDIT THIS FILE DIRECTLY.
# yarn lockfile v1


"@aws-crypto/sha256-browser@5.2.0":
  version "5.2.0"
  resolved "https://registry.yarnpkg.com/@aws-crypto/sha256-browser/-/sha256-browser-5.2.0.tgz#153895ef1dba6f9fce38af550e0ef58988eb649e"
  integrity sha512-AXfN/lGotSQwu6HNcEsIASo7kWXZ5HYWvfOmSNKDsEqC4OashTp8alTmaz+F7TC2L083SFv5RdB+qU3Vs1kZqw==
  dependencies:
    "@aws-crypto/sha256-js" "^5.2.0"
    "@aws-crypto/supports-web-crypto" "^5.2.0"
    "@aws-crypto/util" "^5.2.0"
    "@aws-sdk/types" "^3.222.0"
    "@aws-sdk/util-locate-window" "^3.0.0"
    "@smithy/util-utf8" "^2.0.0"
    tslib "^2.6.2"

"@aws-crypto/sha256-js@5.2.0", "@aws-crypto/sha256-js@^5.2.0":
  version "5.2.0"
  resolved "https://registry.yarnpkg.com/@aws-crypto/sha256-js/-/sha256-js-5.2.0.tgz#c4fdb773fdbed9a664fc1a95724e206cf3860042"
  integrity sha512-FFQQyu7edu4ufvIZ+OadFpHHOt+eSTBaYaki44c+akjg7qZg9oOQeLlk77F6tSYqjDAFClrHJk9tMf0HdVyOvA==
  dependencies:
    "@aws-crypto/util" "^5.2.0"
    "@aws-sdk/types" "^3.222.0"
    tslib "^2.6.2"

"@aws-crypto/supports-web-crypto@^5.2.0":
  version "5.2.0"
  resolved "https://registry.yarnpkg.com/@aws-crypto/supports-web-crypto/-/supports-web-crypto-5.2.0.tgz#a1e399af29269be08e695109aa15da0a07b5b5fb"
  integrity sha512-iAvUotm021kM33eCdNfwIN//F77/IADDSs58i+MDaOqFrVjZo9bAal0NK7HurRuWLLpF1iLX7gbWrjHjeo+YFg==
  dependencies:
    tslib "^2.6.2"

"@aws-crypto/util@^5.2.0":
  version "5.2.0"
  resolved "https://registry.yarnpkg.com/@aws-crypto/util/-/util-5.2.0.tgz#71284c9cffe7927ddadac793c14f14886d3876da"
  integrity sha512-4RkU9EsI6ZpBve5fseQlGNUWKMa1RLPQ1dnjnQoe07ldfIzcsGb5hC5W0Dm7u423KWzawlrpbjXBrXCEv9zazQ==
  dependencies:
    "@aws-sdk/types" "^3.222.0"
    "@smithy/util-utf8" "^2.0.0"
    tslib "^2.6.2"

"@aws-sdk/core@3.624.0":
  version "3.624.0"
  resolved "https://registry.yarnpkg.com/@aws-sdk/core/-/core-3.624.0.tgz#ff0d7745bd662f53d99dbb7293416a45ddde5aa6"
  integrity sha512-WyFmPbhRIvtWi7hBp8uSFy+iPpj8ccNV/eX86hwF4irMjfc/FtsGVIAeBXxXM/vGCjkdfEzOnl+tJ2XACD4OXg==
  dependencies:
    "@smithy/core" "^2.3.2"
    "@smithy/node-config-provider" "^3.1.4"
    "@smithy/protocol-http" "^4.1.0"
    "@smithy/signature-v4" "^4.1.0"
    "@smithy/smithy-client" "^3.1.12"
    "@smithy/types" "^3.3.0"
    "@smithy/util-middleware" "^3.0.3"
    fast-xml-parser "4.4.1"
    tslib "^2.6.2"

"@aws-sdk/protocol-http@^3.267.0":
  version "3.374.0"
  resolved "https://registry.yarnpkg.com/@aws-sdk/protocol-http/-/protocol-http-3.374.0.tgz#e35e76096b995bbed803897a9f4587d11ca34088"
  integrity sha512-9WpRUbINdGroV3HiZZIBoJvL2ndoWk39OfwxWs2otxByppJZNN14bg/lvCx5e8ggHUti7IBk5rb0nqQZ4m05pg==
  dependencies:
    "@smithy/protocol-http" "^1.1.0"
    tslib "^2.5.0"

"@aws-sdk/types@3.609.0":
  version "3.609.0"
  resolved "https://registry.yarnpkg.com/@aws-sdk/types/-/types-3.609.0.tgz#06b39d799c9f197a7b43670243e8e78a3bf7d6a5"
  integrity sha512-+Tqnh9w0h2LcrUsdXyT1F8mNhXz+tVYBtP19LpeEGntmvHwa2XzvLUCWpoIAIVsHp5+HdB2X9Sn0KAtmbFXc2Q==
  dependencies:
    "@smithy/types" "^3.3.0"
    tslib "^2.6.2"

"@aws-sdk/types@^3.222.0":
  version "3.734.0"
  resolved "https://registry.yarnpkg.com/@aws-sdk/types/-/types-3.734.0.tgz#af5e620b0e761918282aa1c8e53cac6091d169a2"
  integrity sha512-o11tSPTT70nAkGV1fN9wm/hAIiLPyWX6SuGf+9JyTp7S/rC2cFWhR26MvA69nplcjNaXVzB0f+QFrLXXjOqCrg==
  dependencies:
    "@smithy/types" "^4.1.0"
    tslib "^2.6.2"

"@aws-sdk/types@^3.267.0":
  version "3.577.0"
  resolved "https://registry.yarnpkg.com/@aws-sdk/types/-/types-3.577.0.tgz#7700784d368ce386745f8c340d9d68cea4716f90"
  integrity sha512-FT2JZES3wBKN/alfmhlo+3ZOq/XJ0C7QOZcDNrpKjB0kqYoKjhVKZ/Hx6ArR0czkKfHzBBEs6y40ebIHx2nSmA==
  dependencies:
    "@smithy/types" "^3.0.0"
    tslib "^2.6.2"

"@aws-sdk/util-locate-window@^3.0.0":
  version "3.723.0"
  resolved "https://registry.yarnpkg.com/@aws-sdk/util-locate-window/-/util-locate-window-3.723.0.tgz#174551bfdd2eb36d3c16e7023fd7e7ee96ad0fa9"
  integrity sha512-Yf2CS10BqK688DRsrKI/EO6B8ff5J86NXe4C+VCysK7UOgN0l1zOTeTukZ3H8Q9tYYX3oaF1961o8vRkFm7Nmw==
  dependencies:
    tslib "^2.6.2"

"@aws-smithy/server-common@1.0.0-alpha.10":
  version "1.0.0-alpha.10"
  resolved "https://registry.yarnpkg.com/@aws-smithy/server-common/-/server-common-1.0.0-alpha.10.tgz#32b66633cb0d34f9a9b177207063471c9ab05e6b"
  integrity sha512-xjLhkWbApJKo3U3o6iZJk1SywyDcZJI9aSLrxxZiqxcDPX72t023hmtqNHheEw7Ef4+SZ+ZADybFxCoIq3I2Hw==
  dependencies:
    "@aws-sdk/protocol-http" "^3.267.0"
    "@aws-sdk/types" "^3.267.0"
    re2-wasm "^1.0.2"
    tslib "^1.8.0"

"@aws-smithy/server-node@^1.0.0-alpha.10":
  version "1.0.0-alpha.10"
  resolved "https://registry.yarnpkg.com/@aws-smithy/server-node/-/server-node-1.0.0-alpha.10.tgz#c51636f7fc0030843a88e9826847395c3c790748"
  integrity sha512-3k0U46mE1aUBle3/cXTY2cjVh3csQH0A8Q9xDRjhwZYS90E1uRJ3Q/83E/mmhHxEAt6McnZ21LfAlj0gtx9nPw==
  dependencies:
    "@aws-sdk/protocol-http" "^3.267.0"
    "@aws-sdk/types" "^3.267.0"
    tslib "^1.8.0"

"@com.example/coffee-shop-server@link:ssdk":
  version "0.0.0"
  uid ""

"@esbuild/aix-ppc64@0.21.5":
  version "0.21.5"
  resolved "https://registry.yarnpkg.com/@esbuild/aix-ppc64/-/aix-ppc64-0.21.5.tgz#c7184a326533fcdf1b8ee0733e21c713b975575f"
  integrity sha512-1SDgH6ZSPTlggy1yI6+Dbkiz8xzpHJEVAlF/AM1tHPLsf5STom9rwtjE4hKAF20FfXXNTFqEYXyJNWh1GiZedQ==

"@esbuild/android-arm64@0.21.5":
  version "0.21.5"
  resolved "https://registry.yarnpkg.com/@esbuild/android-arm64/-/android-arm64-0.21.5.tgz#09d9b4357780da9ea3a7dfb833a1f1ff439b4052"
  integrity sha512-c0uX9VAUBQ7dTDCjq+wdyGLowMdtR/GoC2U5IYk/7D1H1JYC0qseD7+11iMP2mRLN9RcCMRcjC4YMclCzGwS/A==

"@esbuild/android-arm@0.21.5":
  version "0.21.5"
  resolved "https://registry.yarnpkg.com/@esbuild/android-arm/-/android-arm-0.21.5.tgz#9b04384fb771926dfa6d7ad04324ecb2ab9b2e28"
  integrity sha512-vCPvzSjpPHEi1siZdlvAlsPxXl7WbOVUBBAowWug4rJHb68Ox8KualB+1ocNvT5fjv6wpkX6o/iEpbDrf68zcg==

"@esbuild/android-x64@0.21.5":
  version "0.21.5"
  resolved "https://registry.yarnpkg.com/@esbuild/android-x64/-/android-x64-0.21.5.tgz#29918ec2db754cedcb6c1b04de8cd6547af6461e"
  integrity sha512-D7aPRUUNHRBwHxzxRvp856rjUHRFW1SdQATKXH2hqA0kAZb1hKmi02OpYRacl0TxIGz/ZmXWlbZgjwWYaCakTA==

"@esbuild/darwin-arm64@0.21.5":
  version "0.21.5"
  resolved "https://registry.yarnpkg.com/@esbuild/darwin-arm64/-/darwin-arm64-0.21.5.tgz#e495b539660e51690f3928af50a76fb0a6ccff2a"
  integrity sha512-DwqXqZyuk5AiWWf3UfLiRDJ5EDd49zg6O9wclZ7kUMv2WRFr4HKjXp/5t8JZ11QbQfUS6/cRCKGwYhtNAY88kQ==

"@esbuild/darwin-x64@0.21.5":
  version "0.21.5"
  resolved "https://registry.yarnpkg.com/@esbuild/darwin-x64/-/darwin-x64-0.21.5.tgz#c13838fa57372839abdddc91d71542ceea2e1e22"
  integrity sha512-se/JjF8NlmKVG4kNIuyWMV/22ZaerB+qaSi5MdrXtd6R08kvs2qCN4C09miupktDitvh8jRFflwGFBQcxZRjbw==

"@esbuild/freebsd-arm64@0.21.5":
  version "0.21.5"
  resolved "https://registry.yarnpkg.com/@esbuild/freebsd-arm64/-/freebsd-arm64-0.21.5.tgz#646b989aa20bf89fd071dd5dbfad69a3542e550e"
  integrity sha512-5JcRxxRDUJLX8JXp/wcBCy3pENnCgBR9bN6JsY4OmhfUtIHe3ZW0mawA7+RDAcMLrMIZaf03NlQiX9DGyB8h4g==

"@esbuild/freebsd-x64@0.21.5":
  version "0.21.5"
  resolved "https://registry.yarnpkg.com/@esbuild/freebsd-x64/-/freebsd-x64-0.21.5.tgz#aa615cfc80af954d3458906e38ca22c18cf5c261"
  integrity sha512-J95kNBj1zkbMXtHVH29bBriQygMXqoVQOQYA+ISs0/2l3T9/kj42ow2mpqerRBxDJnmkUDCaQT/dfNXWX/ZZCQ==

"@esbuild/linux-arm64@0.21.5":
  version "0.21.5"
  resolved "https://registry.yarnpkg.com/@esbuild/linux-arm64/-/linux-arm64-0.21.5.tgz#70ac6fa14f5cb7e1f7f887bcffb680ad09922b5b"
  integrity sha512-ibKvmyYzKsBeX8d8I7MH/TMfWDXBF3db4qM6sy+7re0YXya+K1cem3on9XgdT2EQGMu4hQyZhan7TeQ8XkGp4Q==

"@esbuild/linux-arm@0.21.5":
  version "0.21.5"
  resolved "https://registry.yarnpkg.com/@esbuild/linux-arm/-/linux-arm-0.21.5.tgz#fc6fd11a8aca56c1f6f3894f2bea0479f8f626b9"
  integrity sha512-bPb5AHZtbeNGjCKVZ9UGqGwo8EUu4cLq68E95A53KlxAPRmUyYv2D6F0uUI65XisGOL1hBP5mTronbgo+0bFcA==

"@esbuild/linux-ia32@0.21.5":
  version "0.21.5"
  resolved "https://registry.yarnpkg.com/@esbuild/linux-ia32/-/linux-ia32-0.21.5.tgz#3271f53b3f93e3d093d518d1649d6d68d346ede2"
  integrity sha512-YvjXDqLRqPDl2dvRODYmmhz4rPeVKYvppfGYKSNGdyZkA01046pLWyRKKI3ax8fbJoK5QbxblURkwK/MWY18Tg==

"@esbuild/linux-loong64@0.21.5":
  version "0.21.5"
  resolved "https://registry.yarnpkg.com/@esbuild/linux-loong64/-/linux-loong64-0.21.5.tgz#ed62e04238c57026aea831c5a130b73c0f9f26df"
  integrity sha512-uHf1BmMG8qEvzdrzAqg2SIG/02+4/DHB6a9Kbya0XDvwDEKCoC8ZRWI5JJvNdUjtciBGFQ5PuBlpEOXQj+JQSg==

"@esbuild/linux-mips64el@0.21.5":
  version "0.21.5"
  resolved "https://registry.yarnpkg.com/@esbuild/linux-mips64el/-/linux-mips64el-0.21.5.tgz#e79b8eb48bf3b106fadec1ac8240fb97b4e64cbe"
  integrity sha512-IajOmO+KJK23bj52dFSNCMsz1QP1DqM6cwLUv3W1QwyxkyIWecfafnI555fvSGqEKwjMXVLokcV5ygHW5b3Jbg==

"@esbuild/linux-ppc64@0.21.5":
  version "0.21.5"
  resolved "https://registry.yarnpkg.com/@esbuild/linux-ppc64/-/linux-ppc64-0.21.5.tgz#5f2203860a143b9919d383ef7573521fb154c3e4"
  integrity sha512-1hHV/Z4OEfMwpLO8rp7CvlhBDnjsC3CttJXIhBi+5Aj5r+MBvy4egg7wCbe//hSsT+RvDAG7s81tAvpL2XAE4w==

"@esbuild/linux-riscv64@0.21.5":
  version "0.21.5"
  resolved "https://registry.yarnpkg.com/@esbuild/linux-riscv64/-/linux-riscv64-0.21.5.tgz#07bcafd99322d5af62f618cb9e6a9b7f4bb825dc"
  integrity sha512-2HdXDMd9GMgTGrPWnJzP2ALSokE/0O5HhTUvWIbD3YdjME8JwvSCnNGBnTThKGEB91OZhzrJ4qIIxk/SBmyDDA==

"@esbuild/linux-s390x@0.21.5":
  version "0.21.5"
  resolved "https://registry.yarnpkg.com/@esbuild/linux-s390x/-/linux-s390x-0.21.5.tgz#b7ccf686751d6a3e44b8627ababc8be3ef62d8de"
  integrity sha512-zus5sxzqBJD3eXxwvjN1yQkRepANgxE9lgOW2qLnmr8ikMTphkjgXu1HR01K4FJg8h1kEEDAqDcZQtbrRnB41A==

"@esbuild/linux-x64@0.21.5":
  version "0.21.5"
  resolved "https://registry.yarnpkg.com/@esbuild/linux-x64/-/linux-x64-0.21.5.tgz#6d8f0c768e070e64309af8004bb94e68ab2bb3b0"
  integrity sha512-1rYdTpyv03iycF1+BhzrzQJCdOuAOtaqHTWJZCWvijKD2N5Xu0TtVC8/+1faWqcP9iBCWOmjmhoH94dH82BxPQ==

"@esbuild/netbsd-x64@0.21.5":
  version "0.21.5"
  resolved "https://registry.yarnpkg.com/@esbuild/netbsd-x64/-/netbsd-x64-0.21.5.tgz#bbe430f60d378ecb88decb219c602667387a6047"
  integrity sha512-Woi2MXzXjMULccIwMnLciyZH4nCIMpWQAs049KEeMvOcNADVxo0UBIQPfSmxB3CWKedngg7sWZdLvLczpe0tLg==

"@esbuild/openbsd-x64@0.21.5":
  version "0.21.5"
  resolved "https://registry.yarnpkg.com/@esbuild/openbsd-x64/-/openbsd-x64-0.21.5.tgz#99d1cf2937279560d2104821f5ccce220cb2af70"
  integrity sha512-HLNNw99xsvx12lFBUwoT8EVCsSvRNDVxNpjZ7bPn947b8gJPzeHWyNVhFsaerc0n3TsbOINvRP2byTZ5LKezow==

"@esbuild/sunos-x64@0.21.5":
  version "0.21.5"
  resolved "https://registry.yarnpkg.com/@esbuild/sunos-x64/-/sunos-x64-0.21.5.tgz#08741512c10d529566baba837b4fe052c8f3487b"
  integrity sha512-6+gjmFpfy0BHU5Tpptkuh8+uw3mnrvgs+dSPQXQOv3ekbordwnzTVEb4qnIvQcYXq6gzkyTnoZ9dZG+D4garKg==

"@esbuild/win32-arm64@0.21.5":
  version "0.21.5"
  resolved "https://registry.yarnpkg.com/@esbuild/win32-arm64/-/win32-arm64-0.21.5.tgz#675b7385398411240735016144ab2e99a60fc75d"
  integrity sha512-Z0gOTd75VvXqyq7nsl93zwahcTROgqvuAcYDUr+vOv8uHhNSKROyU961kgtCD1e95IqPKSQKH7tBTslnS3tA8A==

"@esbuild/win32-ia32@0.21.5":
  version "0.21.5"
  resolved "https://registry.yarnpkg.com/@esbuild/win32-ia32/-/win32-ia32-0.21.5.tgz#1bfc3ce98aa6ca9a0969e4d2af72144c59c1193b"
  integrity sha512-SWXFF1CL2RVNMaVs+BBClwtfZSvDgtL//G/smwAc5oVK/UPu2Gu9tIaRgFmYFFKrmg3SyAjSrElf0TiJ1v8fYA==

"@esbuild/win32-x64@0.21.5":
  version "0.21.5"
  resolved "https://registry.yarnpkg.com/@esbuild/win32-x64/-/win32-x64-0.21.5.tgz#acad351d582d157bb145535db2a6ff53dd514b5c"
  integrity sha512-tQd/1efJuzPC6rCFwEvLtci/xNFcTZknmXs98FYDfGE4wP9ClFV98nyKrzJKVPMhdDnjzLhdUyMX4PsQAPjwIw==

"@smithy/abort-controller@^3.1.9":
  version "3.1.9"
  resolved "https://registry.yarnpkg.com/@smithy/abort-controller/-/abort-controller-3.1.9.tgz#47d323f754136a489e972d7fd465d534d72fcbff"
  integrity sha512-yiW0WI30zj8ZKoSYNx90no7ugVn3khlyH/z5W8qtKBtVE6awRALbhSG+2SAHA1r6bO/6M9utxYKVZ3PCJ1rWxw==
  dependencies:
    "@smithy/types" "^3.7.2"
    tslib "^2.6.2"

"@smithy/config-resolver@^3.0.13", "@smithy/config-resolver@^3.0.5":
  version "3.0.13"
  resolved "https://registry.yarnpkg.com/@smithy/config-resolver/-/config-resolver-3.0.13.tgz#653643a77a33d0f5907a5e7582353886b07ba752"
  integrity sha512-Gr/qwzyPaTL1tZcq8WQyHhTZREER5R1Wytmz4WnVGL4onA3dNk6Btll55c8Vr58pLdvWZmtG8oZxJTw3t3q7Jg==
  dependencies:
    "@smithy/node-config-provider" "^3.1.12"
    "@smithy/types" "^3.7.2"
    "@smithy/util-config-provider" "^3.0.0"
    "@smithy/util-middleware" "^3.0.11"
    tslib "^2.6.2"

"@smithy/core@^2.3.2", "@smithy/core@^2.5.7":
  version "2.5.7"
  resolved "https://registry.yarnpkg.com/@smithy/core/-/core-2.5.7.tgz#b545649071905f064cb0407102f3b9159246f8d9"
  integrity sha512-8olpW6mKCa0v+ibCjoCzgZHQx1SQmZuW/WkrdZo73wiTprTH6qhmskT60QLFdT9DRa5mXxjz89kQPZ7ZSsoqqg==
  dependencies:
    "@smithy/middleware-serde" "^3.0.11"
    "@smithy/protocol-http" "^4.1.8"
    "@smithy/types" "^3.7.2"
    "@smithy/util-body-length-browser" "^3.0.0"
    "@smithy/util-middleware" "^3.0.11"
    "@smithy/util-stream" "^3.3.4"
    "@smithy/util-utf8" "^3.0.0"
    tslib "^2.6.2"

"@smithy/credential-provider-imds@^3.2.8":
  version "3.2.8"
  resolved "https://registry.yarnpkg.com/@smithy/credential-provider-imds/-/credential-provider-imds-3.2.8.tgz#27ed2747074c86a7d627a98e56f324a65cba88de"
  integrity sha512-ZCY2yD0BY+K9iMXkkbnjo+08T2h8/34oHd0Jmh6BZUSZwaaGlGCyBT/3wnS7u7Xl33/EEfN4B6nQr3Gx5bYxgw==
  dependencies:
    "@smithy/node-config-provider" "^3.1.12"
    "@smithy/property-provider" "^3.1.11"
    "@smithy/types" "^3.7.2"
    "@smithy/url-parser" "^3.0.11"
    tslib "^2.6.2"

"@smithy/fetch-http-handler@^3.2.4":
  version "3.2.9"
  resolved "https://registry.yarnpkg.com/@smithy/fetch-http-handler/-/fetch-http-handler-3.2.9.tgz#8d5199c162a37caa37a8b6848eefa9ca58221a0b"
  integrity sha512-hYNVQOqhFQ6vOpenifFME546f0GfJn2OiQ3M0FDmuUu8V/Uiwy2wej7ZXxFBNqdx0R5DZAqWM1l6VRhGz8oE6A==
  dependencies:
    "@smithy/protocol-http" "^4.1.4"
    "@smithy/querystring-builder" "^3.0.7"
    "@smithy/types" "^3.5.0"
    "@smithy/util-base64" "^3.0.0"
    tslib "^2.6.2"

"@smithy/fetch-http-handler@^4.1.3":
  version "4.1.3"
  resolved "https://registry.yarnpkg.com/@smithy/fetch-http-handler/-/fetch-http-handler-4.1.3.tgz#fc590dea2470d32559ae298306f1277729d24aa9"
  integrity sha512-6SxNltSncI8s689nvnzZQc/dPXcpHQ34KUj6gR/HBroytKOd/isMG3gJF/zBE1TBmTT18TXyzhg3O3SOOqGEhA==
  dependencies:
    "@smithy/protocol-http" "^4.1.8"
    "@smithy/querystring-builder" "^3.0.11"
    "@smithy/types" "^3.7.2"
    "@smithy/util-base64" "^3.0.0"
    tslib "^2.6.2"

"@smithy/hash-node@^3.0.3":
  version "3.0.11"
  resolved "https://registry.yarnpkg.com/@smithy/hash-node/-/hash-node-3.0.11.tgz#99e09ead3fc99c8cd7ca0f254ea0e35714f2a0d3"
  integrity sha512-emP23rwYyZhQBvklqTtwetkQlqbNYirDiEEwXl2v0GYWMnCzxst7ZaRAnWuy28njp5kAH54lvkdG37MblZzaHA==
  dependencies:
    "@smithy/types" "^3.7.2"
    "@smithy/util-buffer-from" "^3.0.0"
    "@smithy/util-utf8" "^3.0.0"
    tslib "^2.6.2"

"@smithy/invalid-dependency@^3.0.3":
  version "3.0.11"
  resolved "https://registry.yarnpkg.com/@smithy/invalid-dependency/-/invalid-dependency-3.0.11.tgz#8144d7b0af9d34ab5f672e1f674f97f8740bb9ae"
  integrity sha512-NuQmVPEJjUX6c+UELyVz8kUx8Q539EDeNwbRyu4IIF8MeV7hUtq1FB3SHVyki2u++5XLMFqngeMKk7ccspnNyQ==
  dependencies:
    "@smithy/types" "^3.7.2"
    tslib "^2.6.2"

"@smithy/is-array-buffer@^2.2.0":
  version "2.2.0"
  resolved "https://registry.yarnpkg.com/@smithy/is-array-buffer/-/is-array-buffer-2.2.0.tgz#f84f0d9f9a36601a9ca9381688bd1b726fd39111"
  integrity sha512-GGP3O9QFD24uGeAXYUjwSTXARoqpZykHadOmA8G5vfJPK0/DC67qa//0qvqrJzL1xc8WQWX7/yc7fwudjPHPhA==
  dependencies:
    tslib "^2.6.2"

"@smithy/is-array-buffer@^3.0.0":
  version "3.0.0"
  resolved "https://registry.yarnpkg.com/@smithy/is-array-buffer/-/is-array-buffer-3.0.0.tgz#9a95c2d46b8768946a9eec7f935feaddcffa5e7a"
  integrity sha512-+Fsu6Q6C4RSJiy81Y8eApjEB5gVtM+oFKTffg+jSuwtvomJJrhUJBu2zS8wjXSgH/g1MKEWrzyChTBe6clb5FQ==
  dependencies:
    tslib "^2.6.2"

"@smithy/middleware-content-length@^3.0.5":
  version "3.0.13"
  resolved "https://registry.yarnpkg.com/@smithy/middleware-content-length/-/middleware-content-length-3.0.13.tgz#6e08fe52739ac8fb3996088e0f8837e4b2ea187f"
  integrity sha512-zfMhzojhFpIX3P5ug7jxTjfUcIPcGjcQYzB9t+rv0g1TX7B0QdwONW+ATouaLoD7h7LOw/ZlXfkq4xJ/g2TrIw==
  dependencies:
    "@smithy/protocol-http" "^4.1.8"
    "@smithy/types" "^3.7.2"
    tslib "^2.6.2"

"@smithy/middleware-endpoint@^3.2.8":
  version "3.2.8"
  resolved "https://registry.yarnpkg.com/@smithy/middleware-endpoint/-/middleware-endpoint-3.2.8.tgz#6ca5de80543ba0f0d40e15dc3f9d0f14d192e06e"
  integrity sha512-OEJZKVUEhMOqMs3ktrTWp7UvvluMJEvD5XgQwRePSbDg1VvBaL8pX8mwPltFn6wk1GySbcVwwyldL8S+iqnrEQ==
  dependencies:
    "@smithy/core" "^2.5.7"
    "@smithy/middleware-serde" "^3.0.11"
    "@smithy/node-config-provider" "^3.1.12"
    "@smithy/shared-ini-file-loader" "^3.1.12"
    "@smithy/types" "^3.7.2"
    "@smithy/url-parser" "^3.0.11"
    "@smithy/util-middleware" "^3.0.11"
    tslib "^2.6.2"

"@smithy/middleware-retry@^3.0.14":
  version "3.0.34"
  resolved "https://registry.yarnpkg.com/@smithy/middleware-retry/-/middleware-retry-3.0.34.tgz#136c89fc22d70819fdefc51b0d24952cf98883f1"
  integrity sha512-yVRr/AAtPZlUvwEkrq7S3x7Z8/xCd97m2hLDaqdz6ucP2RKHsBjEqaUA2ebNv2SsZoPEi+ZD0dZbOB1u37tGCA==
  dependencies:
    "@smithy/node-config-provider" "^3.1.12"
    "@smithy/protocol-http" "^4.1.8"
    "@smithy/service-error-classification" "^3.0.11"
    "@smithy/smithy-client" "^3.7.0"
    "@smithy/types" "^3.7.2"
    "@smithy/util-middleware" "^3.0.11"
    "@smithy/util-retry" "^3.0.11"
    tslib "^2.6.2"
    uuid "^9.0.1"

"@smithy/middleware-serde@^3.0.11", "@smithy/middleware-serde@^3.0.3":
  version "3.0.11"
  resolved "https://registry.yarnpkg.com/@smithy/middleware-serde/-/middleware-serde-3.0.11.tgz#c7d54e0add4f83e05c6878a011fc664e21022f12"
  integrity sha512-KzPAeySp/fOoQA82TpnwItvX8BBURecpx6ZMu75EZDkAcnPtO6vf7q4aH5QHs/F1s3/snQaSFbbUMcFFZ086Mw==
  dependencies:
    "@smithy/types" "^3.7.2"
    tslib "^2.6.2"

"@smithy/middleware-stack@^3.0.11", "@smithy/middleware-stack@^3.0.3":
  version "3.0.11"
  resolved "https://registry.yarnpkg.com/@smithy/middleware-stack/-/middleware-stack-3.0.11.tgz#453af2096924e4064d9da4e053cfdf65d9a36acc"
  integrity sha512-1HGo9a6/ikgOMrTrWL/WiN9N8GSVYpuRQO5kjstAq4CvV59bjqnh7TbdXGQ4vxLD3xlSjfBjq5t1SOELePsLnA==
  dependencies:
    "@smithy/types" "^3.7.2"
    tslib "^2.6.2"

"@smithy/node-config-provider@^3.1.12", "@smithy/node-config-provider@^3.1.4":
  version "3.1.12"
  resolved "https://registry.yarnpkg.com/@smithy/node-config-provider/-/node-config-provider-3.1.12.tgz#1b1d674fc83f943dc7b3017e37f16f374e878a6c"
  integrity sha512-O9LVEu5J/u/FuNlZs+L7Ikn3lz7VB9hb0GtPT9MQeiBmtK8RSY3ULmsZgXhe6VAlgTw0YO+paQx4p8xdbs43vQ==
  dependencies:
    "@smithy/property-provider" "^3.1.11"
    "@smithy/shared-ini-file-loader" "^3.1.12"
    "@smithy/types" "^3.7.2"
    tslib "^2.6.2"

"@smithy/node-http-handler@^3.1.4", "@smithy/node-http-handler@^3.3.3":
  version "3.3.3"
  resolved "https://registry.yarnpkg.com/@smithy/node-http-handler/-/node-http-handler-3.3.3.tgz#94dbb3f15342b656ceba2b26e14aa741cace8919"
  integrity sha512-BrpZOaZ4RCbcJ2igiSNG16S+kgAc65l/2hmxWdmhyoGWHTLlzQzr06PXavJp9OBlPEG/sHlqdxjWmjzV66+BSQ==
  dependencies:
    "@smithy/abort-controller" "^3.1.9"
    "@smithy/protocol-http" "^4.1.8"
    "@smithy/querystring-builder" "^3.0.11"
    "@smithy/types" "^3.7.2"
    tslib "^2.6.2"

"@smithy/property-provider@^3.1.11":
  version "3.1.11"
  resolved "https://registry.yarnpkg.com/@smithy/property-provider/-/property-provider-3.1.11.tgz#161cf1c2a2ada361e417382c57f5ba6fbca8acad"
  integrity sha512-I/+TMc4XTQ3QAjXfOcUWbSS073oOEAxgx4aZy8jHaf8JQnRkq2SZWw8+PfDtBvLUjcGMdxl+YwtzWe6i5uhL/A==
  dependencies:
    "@smithy/types" "^3.7.2"
    tslib "^2.6.2"

"@smithy/protocol-http@^1.1.0":
  version "1.2.0"
  resolved "https://registry.yarnpkg.com/@smithy/protocol-http/-/protocol-http-1.2.0.tgz#a554e4dabb14508f0bc2cdef9c3710e2b294be04"
  integrity sha512-GfGfruksi3nXdFok5RhgtOnWe5f6BndzYfmEXISD+5gAGdayFGpjWu5pIqIweTudMtse20bGbc+7MFZXT1Tb8Q==
  dependencies:
    "@smithy/types" "^1.2.0"
    tslib "^2.5.0"

"@smithy/protocol-http@^4.1.0", "@smithy/protocol-http@^4.1.4", "@smithy/protocol-http@^4.1.8":
  version "4.1.8"
  resolved "https://registry.yarnpkg.com/@smithy/protocol-http/-/protocol-http-4.1.8.tgz#0461758671335f65e8ff3fc0885ab7ed253819c9"
  integrity sha512-hmgIAVyxw1LySOwkgMIUN0kjN8TG9Nc85LJeEmEE/cNEe2rkHDUWhnJf2gxcSRFLWsyqWsrZGw40ROjUogg+Iw==
  dependencies:
    "@smithy/types" "^3.7.2"
    tslib "^2.6.2"

"@smithy/querystring-builder@^3.0.11", "@smithy/querystring-builder@^3.0.7":
  version "3.0.11"
  resolved "https://registry.yarnpkg.com/@smithy/querystring-builder/-/querystring-builder-3.0.11.tgz#2ed04adbe725671824c5613d0d6f9376d791a909"
  integrity sha512-u+5HV/9uJaeLj5XTb6+IEF/dokWWkEqJ0XiaRRogyREmKGUgZnNecLucADLdauWFKUNbQfulHFEZEdjwEBjXRg==
  dependencies:
    "@smithy/types" "^3.7.2"
    "@smithy/util-uri-escape" "^3.0.0"
    tslib "^2.6.2"

"@smithy/querystring-parser@^3.0.11":
  version "3.0.11"
  resolved "https://registry.yarnpkg.com/@smithy/querystring-parser/-/querystring-parser-3.0.11.tgz#9d3177ea19ce8462f18d9712b395239e1ca1f969"
  integrity sha512-Je3kFvCsFMnso1ilPwA7GtlbPaTixa3WwC+K21kmMZHsBEOZYQaqxcMqeFFoU7/slFjKDIpiiPydvdJm8Q/MCw==
  dependencies:
    "@smithy/types" "^3.7.2"
    tslib "^2.6.2"

"@smithy/service-error-classification@^3.0.11":
  version "3.0.11"
  resolved "https://registry.yarnpkg.com/@smithy/service-error-classification/-/service-error-classification-3.0.11.tgz#d3d7fc0aacd2e60d022507367e55c7939e5bcb8a"
  integrity sha512-QnYDPkyewrJzCyaeI2Rmp7pDwbUETe+hU8ADkXmgNusO1bgHBH7ovXJiYmba8t0fNfJx75fE8dlM6SEmZxheog==
  dependencies:
    "@smithy/types" "^3.7.2"

"@smithy/shared-ini-file-loader@^3.1.12":
  version "3.1.12"
  resolved "https://registry.yarnpkg.com/@smithy/shared-ini-file-loader/-/shared-ini-file-loader-3.1.12.tgz#d98b1b663eb18935ce2cbc79024631d34f54042a"
  integrity sha512-1xKSGI+U9KKdbG2qDvIR9dGrw3CNx+baqJfyr0igKEpjbHL5stsqAesYBzHChYHlelWtb87VnLWlhvfCz13H8Q==
  dependencies:
    "@smithy/types" "^3.7.2"
    tslib "^2.6.2"

"@smithy/signature-v4@^4.1.0":
  version "4.2.4"
  resolved "https://registry.yarnpkg.com/@smithy/signature-v4/-/signature-v4-4.2.4.tgz#3501d3d09fd82768867bfc00a7be4bad62f62f4d"
  integrity sha512-5JWeMQYg81TgU4cG+OexAWdvDTs5JDdbEZx+Qr1iPbvo91QFGzjy0IkXAKaXUHqmKUJgSHK0ZxnCkgZpzkeNTA==
  dependencies:
    "@smithy/is-array-buffer" "^3.0.0"
    "@smithy/protocol-http" "^4.1.8"
    "@smithy/types" "^3.7.2"
    "@smithy/util-hex-encoding" "^3.0.0"
    "@smithy/util-middleware" "^3.0.11"
    "@smithy/util-uri-escape" "^3.0.0"
    "@smithy/util-utf8" "^3.0.0"
    tslib "^2.6.2"

"@smithy/smithy-client@^3.1.12", "@smithy/smithy-client@^3.7.0":
  version "3.7.0"
  resolved "https://registry.yarnpkg.com/@smithy/smithy-client/-/smithy-client-3.7.0.tgz#8cfaa7b68b7af15e588b96aa14e5dce393f85839"
  integrity sha512-9wYrjAZFlqWhgVo3C4y/9kpc68jgiSsKUnsFPzr/MSiRL93+QRDafGTfhhKAb2wsr69Ru87WTiqSfQusSmWipA==
  dependencies:
    "@smithy/core" "^2.5.7"
    "@smithy/middleware-endpoint" "^3.2.8"
    "@smithy/middleware-stack" "^3.0.11"
    "@smithy/protocol-http" "^4.1.8"
    "@smithy/types" "^3.7.2"
    "@smithy/util-stream" "^3.3.4"
    tslib "^2.6.2"

"@smithy/types@^1.2.0":
  version "1.2.0"
  resolved "https://registry.yarnpkg.com/@smithy/types/-/types-1.2.0.tgz#9dc65767b0ee3d6681704fcc67665d6fc9b6a34e"
  integrity sha512-z1r00TvBqF3dh4aHhya7nz1HhvCg4TRmw51fjMrh5do3h+ngSstt/yKlNbHeb9QxJmFbmN8KEVSWgb1bRvfEoA==
  dependencies:
    tslib "^2.5.0"

"@smithy/types@^3.0.0":
  version "3.0.0"
  resolved "https://registry.yarnpkg.com/@smithy/types/-/types-3.0.0.tgz#00231052945159c64ffd8b91e8909d8d3006cb7e"
  integrity sha512-VvWuQk2RKFuOr98gFhjca7fkBS+xLLURT8bUjk5XQoV0ZLm7WPwWPPY3/AwzTLuUBDeoKDCthfe1AsTUWaSEhw==
  dependencies:
    tslib "^2.6.2"

"@smithy/types@^3.3.0", "@smithy/types@^3.5.0", "@smithy/types@^3.7.2":
  version "3.7.2"
  resolved "https://registry.yarnpkg.com/@smithy/types/-/types-3.7.2.tgz#05cb14840ada6f966de1bf9a9c7dd86027343e10"
  integrity sha512-bNwBYYmN8Eh9RyjS1p2gW6MIhSO2rl7X9QeLM8iTdcGRP+eDiIWDt66c9IysCc22gefKszZv+ubV9qZc7hdESg==
  dependencies:
    tslib "^2.6.2"

"@smithy/types@^4.1.0":
  version "4.1.0"
  resolved "https://registry.yarnpkg.com/@smithy/types/-/types-4.1.0.tgz#19de0b6087bccdd4182a334eb5d3d2629699370f"
  integrity sha512-enhjdwp4D7CXmwLtD6zbcDMbo6/T6WtuuKCY49Xxc6OMOmUWlBEBDREsxxgV2LIdeQPW756+f97GzcgAwp3iLw==
  dependencies:
    tslib "^2.6.2"

"@smithy/url-parser@^3.0.11", "@smithy/url-parser@^3.0.3":
  version "3.0.11"
  resolved "https://registry.yarnpkg.com/@smithy/url-parser/-/url-parser-3.0.11.tgz#e5f5ffabfb6230159167cf4cc970705fca6b8b2d"
  integrity sha512-TmlqXkSk8ZPhfc+SQutjmFr5FjC0av3GZP4B/10caK1SbRwe/v+Wzu/R6xEKxoNqL+8nY18s1byiy6HqPG37Aw==
  dependencies:
    "@smithy/querystring-parser" "^3.0.11"
    "@smithy/types" "^3.7.2"
    tslib "^2.6.2"

"@smithy/util-base64@^3.0.0":
  version "3.0.0"
  resolved "https://registry.yarnpkg.com/@smithy/util-base64/-/util-base64-3.0.0.tgz#f7a9a82adf34e27a72d0719395713edf0e493017"
  integrity sha512-Kxvoh5Qtt0CDsfajiZOCpJxgtPHXOKwmM+Zy4waD43UoEMA+qPxxa98aE/7ZhdnBFZFXMOiBR5xbcaMhLtznQQ==
  dependencies:
    "@smithy/util-buffer-from" "^3.0.0"
    "@smithy/util-utf8" "^3.0.0"
    tslib "^2.6.2"

"@smithy/util-body-length-browser@^3.0.0":
  version "3.0.0"
  resolved "https://registry.yarnpkg.com/@smithy/util-body-length-browser/-/util-body-length-browser-3.0.0.tgz#86ec2f6256310b4845a2f064e2f571c1ca164ded"
  integrity sha512-cbjJs2A1mLYmqmyVl80uoLTJhAcfzMOyPgjwAYusWKMdLeNtzmMz9YxNl3/jRLoxSS3wkqkf0jwNdtXWtyEBaQ==
  dependencies:
    tslib "^2.6.2"

"@smithy/util-body-length-node@^3.0.0":
  version "3.0.0"
  resolved "https://registry.yarnpkg.com/@smithy/util-body-length-node/-/util-body-length-node-3.0.0.tgz#99a291bae40d8932166907fe981d6a1f54298a6d"
  integrity sha512-Tj7pZ4bUloNUP6PzwhN7K386tmSmEET9QtQg0TgdNOnxhZvCssHji+oZTUIuzxECRfG8rdm2PMw2WCFs6eIYkA==
  dependencies:
    tslib "^2.6.2"

"@smithy/util-buffer-from@^2.2.0":
  version "2.2.0"
  resolved "https://registry.yarnpkg.com/@smithy/util-buffer-from/-/util-buffer-from-2.2.0.tgz#6fc88585165ec73f8681d426d96de5d402021e4b"
  integrity sha512-IJdWBbTcMQ6DA0gdNhh/BwrLkDR+ADW5Kr1aZmd4k3DIF6ezMV4R2NIAmT08wQJ3yUK82thHWmC/TnK/wpMMIA==
  dependencies:
    "@smithy/is-array-buffer" "^2.2.0"
    tslib "^2.6.2"

"@smithy/util-buffer-from@^3.0.0":
  version "3.0.0"
  resolved "https://registry.yarnpkg.com/@smithy/util-buffer-from/-/util-buffer-from-3.0.0.tgz#559fc1c86138a89b2edaefc1e6677780c24594e3"
  integrity sha512-aEOHCgq5RWFbP+UDPvPot26EJHjOC+bRgse5A8V3FSShqd5E5UN4qc7zkwsvJPPAVsf73QwYcHN1/gt/rtLwQA==
  dependencies:
    "@smithy/is-array-buffer" "^3.0.0"
    tslib "^2.6.2"

"@smithy/util-config-provider@^3.0.0":
  version "3.0.0"
  resolved "https://registry.yarnpkg.com/@smithy/util-config-provider/-/util-config-provider-3.0.0.tgz#62c6b73b22a430e84888a8f8da4b6029dd5b8efe"
  integrity sha512-pbjk4s0fwq3Di/ANL+rCvJMKM5bzAQdE5S/6RL5NXgMExFAi6UgQMPOm5yPaIWPpr+EOXKXRonJ3FoxKf4mCJQ==
  dependencies:
    tslib "^2.6.2"

"@smithy/util-defaults-mode-browser@^3.0.14":
  version "3.0.34"
  resolved "https://registry.yarnpkg.com/@smithy/util-defaults-mode-browser/-/util-defaults-mode-browser-3.0.34.tgz#885312529599cf24b09335cb20439c838e452f9f"
  integrity sha512-FumjjF631lR521cX+svMLBj3SwSDh9VdtyynTYDAiBDEf8YPP5xORNXKQ9j0105o5+ARAGnOOP/RqSl40uXddA==
  dependencies:
    "@smithy/property-provider" "^3.1.11"
    "@smithy/smithy-client" "^3.7.0"
    "@smithy/types" "^3.7.2"
    bowser "^2.11.0"
    tslib "^2.6.2"

"@smithy/util-defaults-mode-node@^3.0.14":
  version "3.0.34"
  resolved "https://registry.yarnpkg.com/@smithy/util-defaults-mode-node/-/util-defaults-mode-node-3.0.34.tgz#5eb0d97231a34e137980abfb08ea5e3a8f2156f7"
  integrity sha512-vN6aHfzW9dVVzkI0wcZoUXvfjkl4CSbM9nE//08lmUMyf00S75uuCpTrqF9uD4bD9eldIXlt53colrlwKAT8Gw==
  dependencies:
    "@smithy/config-resolver" "^3.0.13"
    "@smithy/credential-provider-imds" "^3.2.8"
    "@smithy/node-config-provider" "^3.1.12"
    "@smithy/property-provider" "^3.1.11"
    "@smithy/smithy-client" "^3.7.0"
    "@smithy/types" "^3.7.2"
    tslib "^2.6.2"

"@smithy/util-hex-encoding@^3.0.0":
  version "3.0.0"
  resolved "https://registry.yarnpkg.com/@smithy/util-hex-encoding/-/util-hex-encoding-3.0.0.tgz#32938b33d5bf2a15796cd3f178a55b4155c535e6"
  integrity sha512-eFndh1WEK5YMUYvy3lPlVmYY/fZcQE1D8oSf41Id2vCeIkKJXPcYDCZD+4+xViI6b1XSd7tE+s5AmXzz5ilabQ==
  dependencies:
    tslib "^2.6.2"

"@smithy/util-middleware@^3.0.11", "@smithy/util-middleware@^3.0.3":
  version "3.0.11"
  resolved "https://registry.yarnpkg.com/@smithy/util-middleware/-/util-middleware-3.0.11.tgz#2ab5c17266b42c225e62befcffb048afa682b5bf"
  integrity sha512-dWpyc1e1R6VoXrwLoLDd57U1z6CwNSdkM69Ie4+6uYh2GC7Vg51Qtan7ITzczuVpqezdDTKJGJB95fFvvjU/ow==
  dependencies:
    "@smithy/types" "^3.7.2"
    tslib "^2.6.2"

"@smithy/util-retry@^3.0.11":
  version "3.0.11"
  resolved "https://registry.yarnpkg.com/@smithy/util-retry/-/util-retry-3.0.11.tgz#d267e5ccb290165cee69732547fea17b695a7425"
  integrity sha512-hJUC6W7A3DQgaee3Hp9ZFcOxVDZzmBIRBPlUAk8/fSOEl7pE/aX7Dci0JycNOnm9Mfr0KV2XjIlUOcGWXQUdVQ==
  dependencies:
    "@smithy/service-error-classification" "^3.0.11"
    "@smithy/types" "^3.7.2"
    tslib "^2.6.2"

"@smithy/util-stream@^3.3.4":
  version "3.3.4"
  resolved "https://registry.yarnpkg.com/@smithy/util-stream/-/util-stream-3.3.4.tgz#c506ac41310ebcceb0c3f0ba20755e4fe0a90b8d"
  integrity sha512-SGhGBG/KupieJvJSZp/rfHHka8BFgj56eek9px4pp7lZbOF+fRiVr4U7A3y3zJD8uGhxq32C5D96HxsTC9BckQ==
  dependencies:
    "@smithy/fetch-http-handler" "^4.1.3"
    "@smithy/node-http-handler" "^3.3.3"
    "@smithy/types" "^3.7.2"
    "@smithy/util-base64" "^3.0.0"
    "@smithy/util-buffer-from" "^3.0.0"
    "@smithy/util-hex-encoding" "^3.0.0"
    "@smithy/util-utf8" "^3.0.0"
    tslib "^2.6.2"

"@smithy/util-uri-escape@^3.0.0":
  version "3.0.0"
  resolved "https://registry.yarnpkg.com/@smithy/util-uri-escape/-/util-uri-escape-3.0.0.tgz#e43358a78bf45d50bb736770077f0f09195b6f54"
  integrity sha512-LqR7qYLgZTD7nWLBecUi4aqolw8Mhza9ArpNEQ881MJJIU2sE5iHCK6TdyqqzcDLy0OPe10IY4T8ctVdtynubg==
  dependencies:
    tslib "^2.6.2"

"@smithy/util-utf8@^2.0.0":
  version "2.3.0"
  resolved "https://registry.yarnpkg.com/@smithy/util-utf8/-/util-utf8-2.3.0.tgz#dd96d7640363259924a214313c3cf16e7dd329c5"
  integrity sha512-R8Rdn8Hy72KKcebgLiv8jQcQkXoLMOGGv5uI1/k0l+snqkOzQ1R0ChUBCxWMlBsFMekWjq0wRudIweFs7sKT5A==
  dependencies:
    "@smithy/util-buffer-from" "^2.2.0"
    tslib "^2.6.2"

"@smithy/util-utf8@^3.0.0":
  version "3.0.0"
  resolved "https://registry.yarnpkg.com/@smithy/util-utf8/-/util-utf8-3.0.0.tgz#1a6a823d47cbec1fd6933e5fc87df975286d9d6a"
  integrity sha512-rUeT12bxFnplYDe815GXbq/oixEGHfRFFtcTF3YdDi/JaENIM6aSYYLJydG83UNzLXeRI5K8abYd/8Sp/QM0kA==
  dependencies:
    "@smithy/util-buffer-from" "^3.0.0"
    tslib "^2.6.2"

"@types/node@^20.12.13":
  version "20.12.13"
  resolved "https://registry.yarnpkg.com/@types/node/-/node-20.12.13.tgz#90ed3b8a4e52dd3c5dc5a42dde5b85b74ad8ed88"
  integrity sha512-gBGeanV41c1L171rR7wjbMiEpEI/l5XFQdLLfhr/REwpgDy/4U8y89+i8kRiLzDyZdOkXh+cRaTetUnCYutoXA==
  dependencies:
    undici-types "~5.26.4"

bowser@^2.11.0:
  version "2.11.0"
  resolved "https://registry.yarnpkg.com/bowser/-/bowser-2.11.0.tgz#5ca3c35757a7aa5771500c70a73a9f91ef420a8f"
  integrity sha512-AlcaJBi/pqqJBIQ8U9Mcpc9i8Aqxn88Skv5d+xBX006BY5u8N3mGLHa5Lgppa7L/HfwgwLgZ6NYs+Ag6uUmJRA==

esbuild@~0.21.5:
  version "0.21.5"
  resolved "https://registry.yarnpkg.com/esbuild/-/esbuild-0.21.5.tgz#9ca301b120922959b766360d8ac830da0d02997d"
  integrity sha512-mg3OPMV4hXywwpoDxu3Qda5xCKQi+vCTZq8S9J/EpkhB2HzKXq4SNFZE3+NK93JYxc8VMSep+lOUSC/RVKaBqw==
  optionalDependencies:
    "@esbuild/aix-ppc64" "0.21.5"
    "@esbuild/android-arm" "0.21.5"
    "@esbuild/android-arm64" "0.21.5"
    "@esbuild/android-x64" "0.21.5"
    "@esbuild/darwin-arm64" "0.21.5"
    "@esbuild/darwin-x64" "0.21.5"
    "@esbuild/freebsd-arm64" "0.21.5"
    "@esbuild/freebsd-x64" "0.21.5"
    "@esbuild/linux-arm" "0.21.5"
    "@esbuild/linux-arm64" "0.21.5"
    "@esbuild/linux-ia32" "0.21.5"
    "@esbuild/linux-loong64" "0.21.5"
    "@esbuild/linux-mips64el" "0.21.5"
    "@esbuild/linux-ppc64" "0.21.5"
    "@esbuild/linux-riscv64" "0.21.5"
    "@esbuild/linux-s390x" "0.21.5"
    "@esbuild/linux-x64" "0.21.5"
    "@esbuild/netbsd-x64" "0.21.5"
    "@esbuild/openbsd-x64" "0.21.5"
    "@esbuild/sunos-x64" "0.21.5"
    "@esbuild/win32-arm64" "0.21.5"
    "@esbuild/win32-ia32" "0.21.5"
    "@esbuild/win32-x64" "0.21.5"

fast-xml-parser@4.4.1:
  version "4.4.1"
  resolved "https://registry.yarnpkg.com/fast-xml-parser/-/fast-xml-parser-4.4.1.tgz#86dbf3f18edf8739326447bcaac31b4ae7f6514f"
  integrity sha512-xkjOecfnKGkSsOwtZ5Pz7Us/T6mrbPQrq0nh+aCO5V9nk5NLWmasAHumTKjiPJPWANe+kAZ84Jc8ooJkzZ88Sw==
  dependencies:
    strnum "^1.0.5"

fsevents@~2.3.3:
  version "2.3.3"
  resolved "https://registry.yarnpkg.com/fsevents/-/fsevents-2.3.3.tgz#cac6407785d03675a2a5e1a5305c697b347d90d6"
  integrity sha512-5xoDfX+fL7faATnagmWPpbFtwh/R77WmMMqqHGS65C3vvB0YHrgF+B1YmZ3441tMj5n63k0212XNoJwzlhffQw==

get-tsconfig@^4.7.5:
  version "4.7.5"
  resolved "https://registry.yarnpkg.com/get-tsconfig/-/get-tsconfig-4.7.5.tgz#5e012498579e9a6947511ed0cd403272c7acbbaf"
  integrity sha512-ZCuZCnlqNzjb4QprAzXKdpp/gh6KTxSJuw3IBsPnV/7fV4NxC9ckB+vPTt8w7fJA0TaSD7c55BR47JD6MEDyDw==
  dependencies:
    resolve-pkg-maps "^1.0.0"

re2-wasm@^1.0.2:
  version "1.0.2"
  resolved "https://registry.yarnpkg.com/re2-wasm/-/re2-wasm-1.0.2.tgz#78c09dc651b8962aa814b55ae7fe5e472ec15bbb"
  integrity sha512-VXUdgSiUrE/WZXn6gUIVVIsg0+Hp6VPZPOaHCay+OuFKy6u/8ktmeNEf+U5qSA8jzGGFsg8jrDNu1BeHpz2pJA==

resolve-pkg-maps@^1.0.0:
  version "1.0.0"
  resolved "https://registry.yarnpkg.com/resolve-pkg-maps/-/resolve-pkg-maps-1.0.0.tgz#616b3dc2c57056b5588c31cdf4b3d64db133720f"
  integrity sha512-seS2Tj26TBVOC2NIc2rOe2y2ZO7efxITtLZcGSOnHHNOQ7CkiUBfw0Iw2ck6xkIhPwLhKNLS8BO+hEpngQlqzw==

strnum@^1.0.5:
  version "1.0.5"
  resolved "https://registry.yarnpkg.com/strnum/-/strnum-1.0.5.tgz#5c4e829fe15ad4ff0d20c3db5ac97b73c9b072db"
  integrity sha512-J8bbNyKKXl5qYcR36TIO8W3mVGVHrmmxsd5PAItGkmyzwJvybiw2IVq5nqd0i4LSNSkB/sx9VHllbfFdr9k1JA==

tslib@^1.8.0:
  version "1.14.1"
  resolved "https://registry.yarnpkg.com/tslib/-/tslib-1.14.1.tgz#cf2d38bdc34a134bcaf1091c41f6619e2f672d00"
  integrity sha512-Xni35NKzjgMrwevysHTCArtLDpPvye8zV/0E4EyYn43P7/7qvQwPh9BGkHewbMulVntbigmcT7rdX3BNo9wRJg==

tslib@^2.5.0, tslib@^2.6.2:
  version "2.6.2"
  resolved "https://registry.yarnpkg.com/tslib/-/tslib-2.6.2.tgz#703ac29425e7b37cd6fd456e92404d46d1f3e4ae"
  integrity sha512-AEYxH93jGFPn/a2iVAwW87VuUIkR1FVUKB77NwMF7nBTDkDrrT/Hpt/IrCJ0QXhW27jTBDcf5ZY7w6RiqTMw2Q==

tsx@^4.16.2:
  version "4.16.2"
  resolved "https://registry.yarnpkg.com/tsx/-/tsx-4.16.2.tgz#8722be119ae226ef0b4c6210d5ee90f3ba823f19"
  integrity sha512-C1uWweJDgdtX2x600HjaFaucXTilT7tgUZHbOE4+ypskZ1OP8CRCSDkCxG6Vya9EwaFIVagWwpaVAn5wzypaqQ==
  dependencies:
    esbuild "~0.21.5"
    get-tsconfig "^4.7.5"
  optionalDependencies:
    fsevents "~2.3.3"

typescript@^5.4.5:
  version "5.4.5"
  resolved "https://registry.yarnpkg.com/typescript/-/typescript-5.4.5.tgz#42ccef2c571fdbd0f6718b1d1f5e6e5ef006f611"
  integrity sha512-vcI4UpRgg81oIRUFwR0WSIHKt11nJ7SAVlYNIu+QpqeyXP+gpQJy/Z4+F0aGxSE4MqwjyXvW/TzgkLAx2AGHwQ==

undici-types@~5.26.4:
  version "5.26.5"
  resolved "https://registry.yarnpkg.com/undici-types/-/undici-types-5.26.5.tgz#bcd539893d00b56e964fd2657a4866b221a65617"
  integrity sha512-JlCMO+ehdEIKqlFxk6IfVoAUVmgz7cU7zD/h9XZ0qzeosSHmUJVOzSQvvYSYWXkFXC+IfLKSIffhv0sVZup6pA==

uuid@^9.0.1:
  version "9.0.1"
  resolved "https://registry.yarnpkg.com/uuid/-/uuid-9.0.1.tgz#e188d4c8853cc722220392c424cd637f32293f30"
  integrity sha512-b+1eJOlsR9K8HJpow9Ok3fiWOWSIcIzXodvv0rQjVoOVNpWMpxf1wZNpt4y9h10odCNrqnYp1OBzRktckBe3sA==
